// !$*UTF8*$!
{
	archiveVersion = 1;
	classes = {
	};
	objectVersion = 55;
	objects = {

/* Begin PBXBuildFile section */
		4E7B1D5528ABCFAB003769C3 /* MainTableViewController.swift in Sources */ = {isa = PBXBuildFile; fileRef = 4E7B1D5428ABCFAB003769C3 /* MainTableViewController.swift */; };
		4E7B1D5728ABCFB8003769C3 /* MainTableViewCell.swift in Sources */ = {isa = PBXBuildFile; fileRef = 4E7B1D5628ABCFB8003769C3 /* MainTableViewCell.swift */; };
		4E7B1D5928ABCFC1003769C3 /* Currency.swift in Sources */ = {isa = PBXBuildFile; fileRef = 4E7B1D5828ABCFC1003769C3 /* Currency.swift */; };
		4EADB0CB28ABD27600B721F3 /* AppDelegete.swift in Sources */ = {isa = PBXBuildFile; fileRef = 4EADB0CA28ABD27600B721F3 /* AppDelegete.swift */; };
		4EADB0CD28ABD2C100B721F3 /* SceneDelegate.swift in Sources */ = {isa = PBXBuildFile; fileRef = 4EADB0CC28ABD2C100B721F3 /* SceneDelegate.swift */; };
		4EC0355928ABCE1600B95260 /* Main.storyboard in Resources */ = {isa = PBXBuildFile; fileRef = 4EC0355728ABCE1600B95260 /* Main.storyboard */; };
		4EC0355B28ABCE1700B95260 /* Assets.xcassets in Resources */ = {isa = PBXBuildFile; fileRef = 4EC0355A28ABCE1700B95260 /* Assets.xcassets */; };
		4EC0355E28ABCE1700B95260 /* LaunchScreen.storyboard in Resources */ = {isa = PBXBuildFile; fileRef = 4EC0355C28ABCE1700B95260 /* LaunchScreen.storyboard */; };
		C20AE0EED06F0D6B582E6DA5 /* Pods_crypto.framework in Frameworks */ = {isa = PBXBuildFile; fileRef = 2354DDD20E4DADD0829AFB62 /* Pods_crypto.framework */; };
/* End PBXBuildFile section */

/* Begin PBXFileReference section */
		1B0443F87D3DE23E1B18F995 /* Pods-crypto.release.xcconfig */ = {isa = PBXFileReference; includeInIndex = 1; lastKnownFileType = text.xcconfig; name = "Pods-crypto.release.xcconfig"; path = "Target Support Files/Pods-crypto/Pods-crypto.release.xcconfig"; sourceTree = "<group>"; };
		2354DDD20E4DADD0829AFB62 /* Pods_crypto.framework */ = {isa = PBXFileReference; explicitFileType = wrapper.framework; includeInIndex = 0; path = Pods_crypto.framework; sourceTree = BUILT_PRODUCTS_DIR; };
		4E7B1D5428ABCFAB003769C3 /* MainTableViewController.swift */ = {isa = PBXFileReference; lastKnownFileType = sourcecode.swift; path = MainTableViewController.swift; sourceTree = "<group>"; };
		4E7B1D5628ABCFB8003769C3 /* MainTableViewCell.swift */ = {isa = PBXFileReference; lastKnownFileType = sourcecode.swift; path = MainTableViewCell.swift; sourceTree = "<group>"; };
		4E7B1D5828ABCFC1003769C3 /* Currency.swift */ = {isa = PBXFileReference; lastKnownFileType = sourcecode.swift; path = Currency.swift; sourceTree = "<group>"; };
		4EADB0CA28ABD27600B721F3 /* AppDelegete.swift */ = {isa = PBXFileReference; lastKnownFileType = sourcecode.swift; path = AppDelegete.swift; sourceTree = "<group>"; };
		4EADB0CC28ABD2C100B721F3 /* SceneDelegate.swift */ = {isa = PBXFileReference; lastKnownFileType = sourcecode.swift; path = SceneDelegate.swift; sourceTree = "<group>"; };
		4EC0354E28ABCE1600B95260 /* crypto.app */ = {isa = PBXFileReference; explicitFileType = wrapper.application; includeInIndex = 0; path = crypto.app; sourceTree = BUILT_PRODUCTS_DIR; };
		4EC0355828ABCE1600B95260 /* Base */ = {isa = PBXFileReference; lastKnownFileType = file.storyboard; name = Base; path = Base.lproj/Main.storyboard; sourceTree = "<group>"; };
		4EC0355A28ABCE1700B95260 /* Assets.xcassets */ = {isa = PBXFileReference; lastKnownFileType = folder.assetcatalog; path = Assets.xcassets; sourceTree = "<group>"; };
		4EC0355D28ABCE1700B95260 /* Base */ = {isa = PBXFileReference; lastKnownFileType = file.storyboard; name = Base; path = Base.lproj/LaunchScreen.storyboard; sourceTree = "<group>"; };
		4EC0355F28ABCE1700B95260 /* Info.plist */ = {isa = PBXFileReference; lastKnownFileType = text.plist.xml; path = Info.plist; sourceTree = "<group>"; };
		C388AE5C068F3D74BA538F91 /* Pods-crypto.debug.xcconfig */ = {isa = PBXFileReference; includeInIndex = 1; lastKnownFileType = text.xcconfig; name = "Pods-crypto.debug.xcconfig"; path = "Target Support Files/Pods-crypto/Pods-crypto.debug.xcconfig"; sourceTree = "<group>"; };
/* End PBXFileReference section */

/* Begin PBXFrameworksBuildPhase section */
		4EC0354B28ABCE1600B95260 /* Frameworks */ = {
			isa = PBXFrameworksBuildPhase;
			buildActionMask = 2147483647;
			files = (
				C20AE0EED06F0D6B582E6DA5 /* Pods_crypto.framework in Frameworks */,
			);
			runOnlyForDeploymentPostprocessing = 0;
		};
/* End PBXFrameworksBuildPhase section */

/* Begin PBXGroup section */
		4B604C75AD627F3D383D50F5 /* Pods */ = {
			isa = PBXGroup;
			children = (
				C388AE5C068F3D74BA538F91 /* Pods-crypto.debug.xcconfig */,
				1B0443F87D3DE23E1B18F995 /* Pods-crypto.release.xcconfig */,
			);
			path = Pods;
			sourceTree = "<group>";
		};
		4EC0354528ABCE1600B95260 = {
			isa = PBXGroup;
			children = (
				4EC0355028ABCE1600B95260 /* crypto */,
				4EC0354F28ABCE1600B95260 /* Products */,
				4B604C75AD627F3D383D50F5 /* Pods */,
				9E8A669DFAA98437DB65A743 /* Frameworks */,
			);
			sourceTree = "<group>";
		};
		4EC0354F28ABCE1600B95260 /* Products */ = {
			isa = PBXGroup;
			children = (
				4EC0354E28ABCE1600B95260 /* crypto.app */,
			);
			name = Products;
			sourceTree = "<group>";
		};
		4EC0355028ABCE1600B95260 /* crypto */ = {
			isa = PBXGroup;
			children = (
				4EC0355728ABCE1600B95260 /* Main.storyboard */,
				4EC0355A28ABCE1700B95260 /* Assets.xcassets */,
				4EC0355C28ABCE1700B95260 /* LaunchScreen.storyboard */,
				4EC0355F28ABCE1700B95260 /* Info.plist */,
				4E7B1D5428ABCFAB003769C3 /* MainTableViewController.swift */,
				4E7B1D5628ABCFB8003769C3 /* MainTableViewCell.swift */,
				4E7B1D5828ABCFC1003769C3 /* Currency.swift */,
				4EADB0CA28ABD27600B721F3 /* AppDelegete.swift */,
				4EADB0CC28ABD2C100B721F3 /* SceneDelegate.swift */,
			);
			path = crypto;
			sourceTree = "<group>";
		};
		9E8A669DFAA98437DB65A743 /* Frameworks */ = {
			isa = PBXGroup;
			children = (
				2354DDD20E4DADD0829AFB62 /* Pods_crypto.framework */,
			);
			name = Frameworks;
			sourceTree = "<group>";
		};
/* End PBXGroup section */

/* Begin PBXNativeTarget section */
		4EC0354D28ABCE1600B95260 /* crypto */ = {
			isa = PBXNativeTarget;
			buildConfigurationList = 4EC0356228ABCE1700B95260 /* Build configuration list for PBXNativeTarget "crypto" */;
			buildPhases = (
				AD40F590F7699D5453568856 /* [CP] Check Pods Manifest.lock */,
				4EC0354A28ABCE1600B95260 /* Sources */,
				4EC0354B28ABCE1600B95260 /* Frameworks */,
				4EC0354C28ABCE1600B95260 /* Resources */,
				D6B3146098AE1EE5CB77D427 /* [CP] Embed Pods Frameworks */,
			);
			buildRules = (
			);
			dependencies = (
			);
			name = crypto;
			productName = crypto;
			productReference = 4EC0354E28ABCE1600B95260 /* crypto.app */;
			productType = "com.apple.product-type.application";
		};
/* End PBXNativeTarget section */

/* Begin PBXProject section */
		4EC0354628ABCE1600B95260 /* Project object */ = {
			isa = PBXProject;
			attributes = {
				BuildIndependentTargetsInParallel = 1;
				LastSwiftUpdateCheck = 1340;
				LastUpgradeCheck = 1340;
				TargetAttributes = {
					4EC0354D28ABCE1600B95260 = {
						CreatedOnToolsVersion = 13.4.1;
					};
				};
			};
			buildConfigurationList = 4EC0354928ABCE1600B95260 /* Build configuration list for PBXProject "crypto" */;
			compatibilityVersion = "Xcode 13.0";
			developmentRegion = en;
			hasScannedForEncodings = 0;
			knownRegions = (
				en,
				Base,
			);
			mainGroup = 4EC0354528ABCE1600B95260;
			productRefGroup = 4EC0354F28ABCE1600B95260 /* Products */;
			projectDirPath = "";
			projectRoot = "";
			targets = (
				4EC0354D28ABCE1600B95260 /* crypto */,
			);
		};
/* End PBXProject section */

/* Begin PBXResourcesBuildPhase section */
		4EC0354C28ABCE1600B95260 /* Resources */ = {
			isa = PBXResourcesBuildPhase;
			buildActionMask = 2147483647;
			files = (
				4EC0355E28ABCE1700B95260 /* LaunchScreen.storyboard in Resources */,
				4EC0355B28ABCE1700B95260 /* Assets.xcassets in Resources */,
				4EC0355928ABCE1600B95260 /* Main.storyboard in Resources */,
			);
			runOnlyForDeploymentPostprocessing = 0;
		};
/* End PBXResourcesBuildPhase section */

/* Begin PBXShellScriptBuildPhase section */
		AD40F590F7699D5453568856 /* [CP] Check Pods Manifest.lock */ = {
			isa = PBXShellScriptBuildPhase;
			buildActionMask = 2147483647;
			files = (
			);
			inputFileListPaths = (
			);
			inputPaths = (
				"${PODS_PODFILE_DIR_PATH}/Podfile.lock",
				"${PODS_ROOT}/Manifest.lock",
			);
			name = "[CP] Check Pods Manifest.lock";
			outputFileListPaths = (
			);
			outputPaths = (
				"$(DERIVED_FILE_DIR)/Pods-crypto-checkManifestLockResult.txt",
			);
			runOnlyForDeploymentPostprocessing = 0;
			shellPath = /bin/sh;
			shellScript = "diff \"${PODS_PODFILE_DIR_PATH}/Podfile.lock\" \"${PODS_ROOT}/Manifest.lock\" > /dev/null\nif [ $? != 0 ] ; then\n    # print error to STDERR\n    echo \"error: The sandbox is not in sync with the Podfile.lock. Run 'pod install' or update your CocoaPods installation.\" >&2\n    exit 1\nfi\n# This output is used by Xcode 'outputs' to avoid re-running this script phase.\necho \"SUCCESS\" > \"${SCRIPT_OUTPUT_FILE_0}\"\n";
			showEnvVarsInLog = 0;
		};
		D6B3146098AE1EE5CB77D427 /* [CP] Embed Pods Frameworks */ = {
			isa = PBXShellScriptBuildPhase;
			buildActionMask = 2147483647;
			files = (
			);
			inputFileListPaths = (
				"${PODS_ROOT}/Target Support Files/Pods-crypto/Pods-crypto-frameworks-${CONFIGURATION}-input-files.xcfilelist",
			);
			name = "[CP] Embed Pods Frameworks";
			outputFileListPaths = (
				"${PODS_ROOT}/Target Support Files/Pods-crypto/Pods-crypto-frameworks-${CONFIGURATION}-output-files.xcfilelist",
			);
			runOnlyForDeploymentPostprocessing = 0;
			shellPath = /bin/sh;
			shellScript = "\"${PODS_ROOT}/Target Support Files/Pods-crypto/Pods-crypto-frameworks.sh\"\n";
			showEnvVarsInLog = 0;
		};
/* End PBXShellScriptBuildPhase section */

/* Begin PBXSourcesBuildPhase section */
		4EC0354A28ABCE1600B95260 /* Sources */ = {
			isa = PBXSourcesBuildPhase;
			buildActionMask = 2147483647;
			files = (
				4EADB0CD28ABD2C100B721F3 /* SceneDelegate.swift in Sources */,
				4EADB0CB28ABD27600B721F3 /* AppDelegete.swift in Sources */,
				4E7B1D5928ABCFC1003769C3 /* Currency.swift in Sources */,
				4E7B1D5528ABCFAB003769C3 /* MainTableViewController.swift in Sources */,
				4E7B1D5728ABCFB8003769C3 /* MainTableViewCell.swift in Sources */,
			);
			runOnlyForDeploymentPostprocessing = 0;
		};
/* End PBXSourcesBuildPhase section */

/* Begin PBXVariantGroup section */
		4EC0355728ABCE1600B95260 /* Main.storyboard */ = {
			isa = PBXVariantGroup;
			children = (
				4EC0355828ABCE1600B95260 /* Base */,
			);
			name = Main.storyboard;
			sourceTree = "<group>";
		};
		4EC0355C28ABCE1700B95260 /* LaunchScreen.storyboard */ = {
			isa = PBXVariantGroup;
			children = (
				4EC0355D28ABCE1700B95260 /* Base */,
			);
			name = LaunchScreen.storyboard;
			sourceTree = "<group>";
		};
/* End PBXVariantGroup section */

/* Begin XCBuildConfiguration section */
		4EC0356028ABCE1700B95260 /* Debug */ = {
			isa = XCBuildConfiguration;
			buildSettings = {
				ALWAYS_SEARCH_USER_PATHS = NO;
				CLANG_ANALYZER_NONNULL = YES;
				CLANG_ANALYZER_NUMBER_OBJECT_CONVERSION = YES_AGGRESSIVE;
				CLANG_CXX_LANGUAGE_STANDARD = "gnu++17";
				CLANG_ENABLE_MODULES = YES;
				CLANG_ENABLE_OBJC_ARC = YES;
				CLANG_ENABLE_OBJC_WEAK = YES;
				CLANG_WARN_BLOCK_CAPTURE_AUTORELEASING = YES;
				CLANG_WARN_BOOL_CONVERSION = YES;
				CLANG_WARN_COMMA = YES;
				CLANG_WARN_CONSTANT_CONVERSION = YES;
				CLANG_WARN_DEPRECATED_OBJC_IMPLEMENTATIONS = YES;
				CLANG_WARN_DIRECT_OBJC_ISA_USAGE = YES_ERROR;
				CLANG_WARN_DOCUMENTATION_COMMENTS = YES;
				CLANG_WARN_EMPTY_BODY = YES;
				CLANG_WARN_ENUM_CONVERSION = YES;
				CLANG_WARN_INFINITE_RECURSION = YES;
				CLANG_WARN_INT_CONVERSION = YES;
				CLANG_WARN_NON_LITERAL_NULL_CONVERSION = YES;
				CLANG_WARN_OBJC_IMPLICIT_RETAIN_SELF = YES;
				CLANG_WARN_OBJC_LITERAL_CONVERSION = YES;
				CLANG_WARN_OBJC_ROOT_CLASS = YES_ERROR;
				CLANG_WARN_QUOTED_INCLUDE_IN_FRAMEWORK_HEADER = YES;
				CLANG_WARN_RANGE_LOOP_ANALYSIS = YES;
				CLANG_WARN_STRICT_PROTOTYPES = YES;
				CLANG_WARN_SUSPICIOUS_MOVE = YES;
				CLANG_WARN_UNGUARDED_AVAILABILITY = YES_AGGRESSIVE;
				CLANG_WARN_UNREACHABLE_CODE = YES;
				CLANG_WARN__DUPLICATE_METHOD_MATCH = YES;
				COPY_PHASE_STRIP = NO;
				DEBUG_INFORMATION_FORMAT = dwarf;
				ENABLE_STRICT_OBJC_MSGSEND = YES;
				ENABLE_TESTABILITY = YES;
				GCC_C_LANGUAGE_STANDARD = gnu11;
				GCC_DYNAMIC_NO_PIC = NO;
				GCC_NO_COMMON_BLOCKS = YES;
				GCC_OPTIMIZATION_LEVEL = 0;
				GCC_PREPROCESSOR_DEFINITIONS = (
					"DEBUG=1",
					"$(inherited)",
				);
				GCC_WARN_64_TO_32_BIT_CONVERSION = YES;
				GCC_WARN_ABOUT_RETURN_TYPE = YES_ERROR;
				GCC_WARN_UNDECLARED_SELECTOR = YES;
				GCC_WARN_UNINITIALIZED_AUTOS = YES_AGGRESSIVE;
				GCC_WARN_UNUSED_FUNCTION = YES;
				GCC_WARN_UNUSED_VARIABLE = YES;
				IPHONEOS_DEPLOYMENT_TARGET = 15.5;
				MTL_ENABLE_DEBUG_INFO = INCLUDE_SOURCE;
				MTL_FAST_MATH = YES;
				ONLY_ACTIVE_ARCH = YES;
				SDKROOT = iphoneos;
				SWIFT_ACTIVE_COMPILATION_CONDITIONS = DEBUG;
				SWIFT_OPTIMIZATION_LEVEL = "-Onone";
			};
			name = Debug;
		};
		4EC0356128ABCE1700B95260 /* Release */ = {
			isa = XCBuildConfiguration;
			buildSettings = {
				ALWAYS_SEARCH_USER_PATHS = NO;
				CLANG_ANALYZER_NONNULL = YES;
				CLANG_ANALYZER_NUMBER_OBJECT_CONVERSION = YES_AGGRESSIVE;
				CLANG_CXX_LANGUAGE_STANDARD = "gnu++17";
				CLANG_ENABLE_MODULES = YES;
				CLANG_ENABLE_OBJC_ARC = YES;
				CLANG_ENABLE_OBJC_WEAK = YES;
				CLANG_WARN_BLOCK_CAPTURE_AUTORELEASING = YES;
				CLANG_WARN_BOOL_CONVERSION = YES;
				CLANG_WARN_COMMA = YES;
				CLANG_WARN_CONSTANT_CONVERSION = YES;
				CLANG_WARN_DEPRECATED_OBJC_IMPLEMENTATIONS = YES;
				CLANG_WARN_DIRECT_OBJC_ISA_USAGE = YES_ERROR;
				CLANG_WARN_DOCUMENTATION_COMMENTS = YES;
				CLANG_WARN_EMPTY_BODY = YES;
				CLANG_WARN_ENUM_CONVERSION = YES;
				CLANG_WARN_INFINITE_RECURSION = YES;
				CLANG_WARN_INT_CONVERSION = YES;
				CLANG_WARN_NON_LITERAL_NULL_CONVERSION = YES;
				CLANG_WARN_OBJC_IMPLICIT_RETAIN_SELF = YES;
				CLANG_WARN_OBJC_LITERAL_CONVERSION = YES;
				CLANG_WARN_OBJC_ROOT_CLASS = YES_ERROR;
				CLANG_WARN_QUOTED_INCLUDE_IN_FRAMEWORK_HEADER = YES;
				CLANG_WARN_RANGE_LOOP_ANALYSIS = YES;
				CLANG_WARN_STRICT_PROTOTYPES = YES;
				CLANG_WARN_SUSPICIOUS_MOVE = YES;
				CLANG_WARN_UNGUARDED_AVAILABILITY = YES_AGGRESSIVE;
				CLANG_WARN_UNREACHABLE_CODE = YES;
				CLANG_WARN__DUPLICATE_METHOD_MATCH = YES;
				COPY_PHASE_STRIP = NO;
				DEBUG_INFORMATION_FORMAT = "dwarf-with-dsym";
				ENABLE_NS_ASSERTIONS = NO;
				ENABLE_STRICT_OBJC_MSGSEND = YES;
				GCC_C_LANGUAGE_STANDARD = gnu11;
				GCC_NO_COMMON_BLOCKS = YES;
				GCC_WARN_64_TO_32_BIT_CONVERSION = YES;
				GCC_WARN_ABOUT_RETURN_TYPE = YES_ERROR;
				GCC_WARN_UNDECLARED_SELECTOR = YES;
				GCC_WARN_UNINITIALIZED_AUTOS = YES_AGGRESSIVE;
				GCC_WARN_UNUSED_FUNCTION = YES;
				GCC_WARN_UNUSED_VARIABLE = YES;
				IPHONEOS_DEPLOYMENT_TARGET = 15.5;
				MTL_ENABLE_DEBUG_INFO = NO;
				MTL_FAST_MATH = YES;
				SDKROOT = iphoneos;
				SWIFT_COMPILATION_MODE = wholemodule;
				SWIFT_OPTIMIZATION_LEVEL = "-O";
				VALIDATE_PRODUCT = YES;
			};
			name = Release;
		};
		4EC0356328ABCE1700B95260 /* Debug */ = {
			isa = XCBuildConfiguration;
			baseConfigurationReference = C388AE5C068F3D74BA538F91 /* Pods-crypto.debug.xcconfig */;
			buildSettings = {
				ASSETCATALOG_COMPILER_APPICON_NAME = AppIcon;
				ASSETCATALOG_COMPILER_GLOBAL_ACCENT_COLOR_NAME = AccentColor;
				CODE_SIGN_STYLE = Automatic;
				CURRENT_PROJECT_VERSION = 1;
				DEVELOPMENT_TEAM = 3M52Q34J53;
				GENERATE_INFOPLIST_FILE = YES;
				INFOPLIST_FILE = crypto/Info.plist;
				INFOPLIST_KEY_UIApplicationSupportsIndirectInputEvents = YES;
				INFOPLIST_KEY_UILaunchStoryboardName = LaunchScreen;
				INFOPLIST_KEY_UIMainStoryboardFile = Main;
				INFOPLIST_KEY_UISupportedInterfaceOrientations_iPad = "UIInterfaceOrientationPortrait UIInterfaceOrientationPortraitUpsideDown UIInterfaceOrientationLandscapeLeft UIInterfaceOrientationLandscapeRight";
				INFOPLIST_KEY_UISupportedInterfaceOrientations_iPhone = "UIInterfaceOrientationPortrait UIInterfaceOrientationLandscapeLeft UIInterfaceOrientationLandscapeRight";
				LD_RUNPATH_SEARCH_PATHS = (
					"$(inherited)",
					"@executable_path/Frameworks",
				);
				MARKETING_VERSION = 1.0;
				PRODUCT_BUNDLE_IDENTIFIER = com.etcmobileapps.crypto;
				PRODUCT_NAME = "$(TARGET_NAME)";
				SWIFT_EMIT_LOC_STRINGS = YES;
				SWIFT_VERSION = 5.0;
				TARGETED_DEVICE_FAMILY = "1,2";
			};
			name = Debug;
		};
		4EC0356428ABCE1700B95260 /* Release */ = {
			isa = XCBuildConfiguration;
			baseConfigurationReference = 1B0443F87D3DE23E1B18F995 /* Pods-crypto.release.xcconfig */;
			buildSettings = {
				ASSETCATALOG_COMPILER_APPICON_NAME = AppIcon;
				ASSETCATALOG_COMPILER_GLOBAL_ACCENT_COLOR_NAME = AccentColor;
				CODE_SIGN_STYLE = Automatic;
				CURRENT_PROJECT_VERSION = 1;
				DEVELOPMENT_TEAM = 3M52Q34J53;
				GENERATE_INFOPLIST_FILE = YES;
				INFOPLIST_FILE = crypto/Info.plist;
				INFOPLIST_KEY_UIApplicationSupportsIndirectInputEvents = YES;
				INFOPLIST_KEY_UILaunchStoryboardName = LaunchScreen;
				INFOPLIST_KEY_UIMainStoryboardFile = Main;
				INFOPLIST_KEY_UISupportedInterfaceOrientations_iPad = "UIInterfaceOrientationPortrait UIInterfaceOrientationPortraitUpsideDown UIInterfaceOrientationLandscapeLeft UIInterfaceOrientationLandscapeRight";
				INFOPLIST_KEY_UISupportedInterfaceOrientations_iPhone = "UIInterfaceOrientationPortrait UIInterfaceOrientationLandscapeLeft UIInterfaceOrientationLandscapeRight";
				LD_RUNPATH_SEARCH_PATHS = (
					"$(inherited)",
					"@executable_path/Frameworks",
				);
				MARKETING_VERSION = 1.0;
				PRODUCT_BUNDLE_IDENTIFIER = com.etcmobileapps.crypto;
				PRODUCT_NAME = "$(TARGET_NAME)";
				SWIFT_EMIT_LOC_STRINGS = YES;
				SWIFT_VERSION = 5.0;
				TARGETED_DEVICE_FAMILY = "1,2";
			};
			name = Release;
		};
/* End XCBuildConfiguration section */

/* Begin XCConfigurationList section */
		4EC0354928ABCE1600B95260 /* Build configuration list for PBXProject "crypto" */ = {
			isa = XCConfigurationList;
			buildConfigurations = (
				4EC0356028ABCE1700B95260 /* Debug */,
				4EC0356128ABCE1700B95260 /* Release */,
			);
			defaultConfigurationIsVisible = 0;
			defaultConfigurationName = Release;
		};
		4EC0356228ABCE1700B95260 /* Build configuration list for PBXNativeTarget "crypto" */ = {
			isa = XCConfigurationList;
			buildConfigurations = (
				4EC0356328ABCE1700B95260 /* Debug */,
				4EC0356428ABCE1700B95260 /* Release */,
			);
			defaultConfigurationIsVisible = 0;
			defaultConfigurationName = Release;
		};
/* End XCConfigurationList section */
	};
	rootObject = 4EC0354628ABCE1600B95260 /* Project object */;
}
